{
  "version": 4,
  "terraform_version": "1.0.8",
  "serial": 401,
  "lineage": "532f8b14-5232-936b-b39f-c291a9aa0532",
  "outputs": {
    "application_access": {
      "value": [
        {
          "grafana": {
            "application_access": {
              "grafana-dev-j42x": "172.17.0.3:3100"
            }
          },
          "influxdb": {
            "application_access": {
              "influxdb-dev-4zjh": "172.17.0.2:8186"
            }
          },
          "nodered": {
            "application_access": {
              "nodered-dev-pb3z": "172.17.0.4:1980"
            }
          }
        }
      ],
      "type": [
        "tuple",
        [
          [
            "object",
            {
              "grafana": [
                "object",
                {
                  "application_access": [
                    "object",
                    {
                      "grafana-dev-j42x": "string"
                    }
                  ]
                }
              ],
              "influxdb": [
                "object",
                {
                  "application_access": [
                    "object",
                    {
                      "influxdb-dev-4zjh": "string"
                    }
                  ]
                }
              ],
              "nodered": [
                "object",
                {
                  "application_access": [
                    "object",
                    {
                      "nodered-dev-pb3z": "string"
                    }
                  ]
                }
              ]
            }
          ]
        ]
      ]
    }
  },
  "resources": [
    {
      "module": "module.container[\"grafana\"]",
      "mode": "managed",
      "type": "docker_container",
      "name": "app_container",
      "provider": "provider[\"registry.terraform.io/kreuzwerker/docker\"]",
      "instances": [
        {
          "index_key": 0,
          "schema_version": 2,
          "attributes": {
            "attach": false,
            "bridge": "",
            "capabilities": [],
            "command": [],
            "container_logs": null,
            "cpu_set": "",
            "cpu_shares": 0,
            "destroy_grace_seconds": null,
            "devices": [],
            "dns": null,
            "dns_opts": null,
            "dns_search": null,
            "domainname": "",
            "entrypoint": [
              "/run.sh"
            ],
            "env": [],
            "exit_code": null,
            "gateway": "172.17.0.1",
            "group_add": null,
            "healthcheck": null,
            "host": [],
            "hostname": "67bd77e6186e",
            "id": "67bd77e6186e0d7fc07413d5cf813d164d9e44e4f30b80021450bf2b9b4e401b",
            "image": "sha256:9b957e098315598ae58c7a62bcc140ed086bbe619b38c31a52b21abbd5eb21e2",
            "init": false,
            "ip_address": "172.17.0.3",
            "ip_prefix_length": 16,
            "ipc_mode": "private",
            "labels": [],
            "links": null,
            "log_driver": "json-file",
            "log_opts": null,
            "logs": false,
            "max_retry_count": 0,
            "memory": 0,
            "memory_swap": 0,
            "mounts": [],
            "must_run": true,
            "name": "grafana-dev-j42x",
            "network_alias": null,
            "network_data": [
              {
                "gateway": "172.17.0.1",
                "global_ipv6_address": "",
                "global_ipv6_prefix_length": 0,
                "ip_address": "172.17.0.3",
                "ip_prefix_length": 16,
                "ipv6_gateway": "",
                "network_name": "bridge"
              }
            ],
            "network_mode": "default",
            "networks": null,
            "networks_advanced": [],
            "pid_mode": "",
            "ports": [
              {
                "external": 3100,
                "internal": 3000,
                "ip": "0.0.0.0",
                "protocol": "tcp"
              }
            ],
            "privileged": false,
            "publish_all_ports": false,
            "read_only": false,
            "remove_volumes": true,
            "restart": "no",
            "rm": false,
            "security_opts": [],
            "shm_size": 64,
            "start": true,
            "stdin_open": false,
            "storage_opts": null,
            "sysctls": null,
            "tmpfs": null,
            "tty": false,
            "ulimit": [],
            "upload": [],
            "user": "472",
            "userns_mode": "",
            "volumes": [
              {
                "container_path": "/var/lib/grafana",
                "from_container": "",
                "host_path": "",
                "read_only": null,
                "volume_name": "grafana-j42x-volume"
              }
            ],
            "working_dir": "/usr/share/grafana"
          },
          "sensitive_attributes": [],
          "private": "eyJzY2hlbWFfdmVyc2lvbiI6IjIifQ==",
          "dependencies": [
            "module.container.docker_volume.container_volume",
            "module.container.random_string.random",
            "module.image.docker_image.container_image"
          ]
        }
      ]
    },
    {
      "module": "module.container[\"grafana\"]",
      "mode": "managed",
      "type": "docker_volume",
      "name": "container_volume",
      "provider": "provider[\"registry.terraform.io/kreuzwerker/docker\"]",
      "instances": [
        {
          "index_key": 0,
          "schema_version": 1,
          "attributes": {
            "driver": "local",
            "driver_opts": null,
            "id": "grafana-j42x-volume",
            "labels": [],
            "mountpoint": "/var/lib/docker/volumes/grafana-j42x-volume/_data",
            "name": "grafana-j42x-volume"
          },
          "sensitive_attributes": [],
          "private": "eyJzY2hlbWFfdmVyc2lvbiI6IjEifQ==",
          "dependencies": [
            "module.container.random_string.random"
          ]
        }
      ]
    },
    {
      "module": "module.container[\"grafana\"]",
      "mode": "managed",
      "type": "random_string",
      "name": "random",
      "provider": "provider[\"registry.terraform.io/hashicorp/random\"]",
      "instances": [
        {
          "index_key": 0,
          "schema_version": 1,
          "attributes": {
            "id": "j42x",
            "keepers": null,
            "length": 4,
            "lower": true,
            "min_lower": 0,
            "min_numeric": 0,
            "min_special": 0,
            "min_upper": 0,
            "number": true,
            "override_special": null,
            "result": "j42x",
            "special": false,
            "upper": false
          },
          "sensitive_attributes": [],
          "private": "eyJzY2hlbWFfdmVyc2lvbiI6IjEifQ=="
        }
      ]
    },
    {
      "module": "module.container[\"influxdb\"]",
      "mode": "managed",
      "type": "docker_container",
      "name": "app_container",
      "provider": "provider[\"registry.terraform.io/kreuzwerker/docker\"]",
      "instances": [
        {
          "index_key": 0,
          "schema_version": 2,
          "attributes": {
            "attach": false,
            "bridge": "",
            "capabilities": [],
            "command": [
              "influxd"
            ],
            "container_logs": null,
            "cpu_set": "",
            "cpu_shares": 0,
            "destroy_grace_seconds": null,
            "devices": [],
            "dns": null,
            "dns_opts": null,
            "dns_search": null,
            "domainname": "",
            "entrypoint": [
              "/entrypoint.sh"
            ],
            "env": [],
            "exit_code": null,
            "gateway": "172.17.0.1",
            "group_add": null,
            "healthcheck": null,
            "host": [],
            "hostname": "c0be44eb8cb7",
            "id": "c0be44eb8cb7837386b4903c5defbc9a2020fcb49bc855b31db7e79b703371c3",
            "image": "sha256:86516adf96b152e8da1b29827a54930cd58667596bd643cd298e55189c3c131e",
            "init": false,
            "ip_address": "172.17.0.2",
            "ip_prefix_length": 16,
            "ipc_mode": "private",
            "labels": [],
            "links": null,
            "log_driver": "json-file",
            "log_opts": null,
            "logs": false,
            "max_retry_count": 0,
            "memory": 0,
            "memory_swap": 0,
            "mounts": [],
            "must_run": true,
            "name": "influxdb-dev-4zjh",
            "network_alias": null,
            "network_data": [
              {
                "gateway": "172.17.0.1",
                "global_ipv6_address": "",
                "global_ipv6_prefix_length": 0,
                "ip_address": "172.17.0.2",
                "ip_prefix_length": 16,
                "ipv6_gateway": "",
                "network_name": "bridge"
              }
            ],
            "network_mode": "default",
            "networks": null,
            "networks_advanced": [],
            "pid_mode": "",
            "ports": [
              {
                "external": 8186,
                "internal": 8086,
                "ip": "0.0.0.0",
                "protocol": "tcp"
              }
            ],
            "privileged": false,
            "publish_all_ports": false,
            "read_only": false,
            "remove_volumes": true,
            "restart": "no",
            "rm": false,
            "security_opts": [],
            "shm_size": 64,
            "start": true,
            "stdin_open": false,
            "storage_opts": null,
            "sysctls": null,
            "tmpfs": null,
            "tty": false,
            "ulimit": [],
            "upload": [],
            "user": "",
            "userns_mode": "",
            "volumes": [
              {
                "container_path": "/var/lib/influxdb",
                "from_container": "",
                "host_path": "",
                "read_only": null,
                "volume_name": "influxdb-4zjh-volume"
              }
            ],
            "working_dir": ""
          },
          "sensitive_attributes": [],
          "private": "eyJzY2hlbWFfdmVyc2lvbiI6IjIifQ==",
          "dependencies": [
            "module.container.docker_volume.container_volume",
            "module.container.random_string.random",
            "module.image.docker_image.container_image"
          ]
        }
      ]
    },
    {
      "module": "module.container[\"influxdb\"]",
      "mode": "managed",
      "type": "docker_volume",
      "name": "container_volume",
      "provider": "provider[\"registry.terraform.io/kreuzwerker/docker\"]",
      "instances": [
        {
          "index_key": 0,
          "schema_version": 1,
          "attributes": {
            "driver": "local",
            "driver_opts": null,
            "id": "influxdb-4zjh-volume",
            "labels": [],
            "mountpoint": "/var/lib/docker/volumes/influxdb-4zjh-volume/_data",
            "name": "influxdb-4zjh-volume"
          },
          "sensitive_attributes": [],
          "private": "eyJzY2hlbWFfdmVyc2lvbiI6IjEifQ==",
          "dependencies": [
            "module.container.random_string.random"
          ]
        }
      ]
    },
    {
      "module": "module.container[\"influxdb\"]",
      "mode": "managed",
      "type": "random_string",
      "name": "random",
      "provider": "provider[\"registry.terraform.io/hashicorp/random\"]",
      "instances": [
        {
          "index_key": 0,
          "schema_version": 1,
          "attributes": {
            "id": "4zjh",
            "keepers": null,
            "length": 4,
            "lower": true,
            "min_lower": 0,
            "min_numeric": 0,
            "min_special": 0,
            "min_upper": 0,
            "number": true,
            "override_special": null,
            "result": "4zjh",
            "special": false,
            "upper": false
          },
          "sensitive_attributes": [],
          "private": "eyJzY2hlbWFfdmVyc2lvbiI6IjEifQ=="
        }
      ]
    },
    {
      "module": "module.container[\"nodered\"]",
      "mode": "managed",
      "type": "docker_container",
      "name": "app_container",
      "provider": "provider[\"registry.terraform.io/kreuzwerker/docker\"]",
      "instances": [
        {
          "index_key": 0,
          "schema_version": 2,
          "attributes": {
            "attach": false,
            "bridge": "",
            "capabilities": [],
            "command": [],
            "container_logs": null,
            "cpu_set": "",
            "cpu_shares": 0,
            "destroy_grace_seconds": null,
            "devices": [],
            "dns": null,
            "dns_opts": null,
            "dns_search": null,
            "domainname": "",
            "entrypoint": [
              "npm",
              "--no-update-notifier",
              "--no-fund",
              "start",
              "--cache",
              "/data/.npm",
              "--",
              "--userDir",
              "/data"
            ],
            "env": [],
            "exit_code": null,
            "gateway": "172.17.0.1",
            "group_add": null,
            "healthcheck": [
              {
                "interval": "0s",
                "retries": 0,
                "start_period": "0s",
                "test": [
                  "CMD-SHELL",
                  "node /healthcheck.js"
                ],
                "timeout": "0s"
              }
            ],
            "host": [],
            "hostname": "f0d1823d6523",
            "id": "f0d1823d6523f2e389f54d7440bbc72be688384512465a1223a3dda42ae5bdad",
            "image": "sha256:988958e4cbe731c8f25f62333136e9977a22a85aa8cb2f091238fea93ab2cda3",
            "init": false,
            "ip_address": "172.17.0.4",
            "ip_prefix_length": 16,
            "ipc_mode": "private",
            "labels": [],
            "links": null,
            "log_driver": "json-file",
            "log_opts": null,
            "logs": false,
            "max_retry_count": 0,
            "memory": 0,
            "memory_swap": 0,
            "mounts": [],
            "must_run": true,
            "name": "nodered-dev-pb3z",
            "network_alias": null,
            "network_data": [
              {
                "gateway": "172.17.0.1",
                "global_ipv6_address": "",
                "global_ipv6_prefix_length": 0,
                "ip_address": "172.17.0.4",
                "ip_prefix_length": 16,
                "ipv6_gateway": "",
                "network_name": "bridge"
              }
            ],
            "network_mode": "default",
            "networks": null,
            "networks_advanced": [],
            "pid_mode": "",
            "ports": [
              {
                "external": 1980,
                "internal": 1880,
                "ip": "0.0.0.0",
                "protocol": "tcp"
              }
            ],
            "privileged": false,
            "publish_all_ports": false,
            "read_only": false,
            "remove_volumes": true,
            "restart": "no",
            "rm": false,
            "security_opts": [],
            "shm_size": 64,
            "start": true,
            "stdin_open": false,
            "storage_opts": null,
            "sysctls": null,
            "tmpfs": null,
            "tty": false,
            "ulimit": [],
            "upload": [],
            "user": "node-red",
            "userns_mode": "",
            "volumes": [
              {
                "container_path": "/data",
                "from_container": "",
                "host_path": "",
                "read_only": null,
                "volume_name": "nodered-pb3z-volume"
              }
            ],
            "working_dir": "/usr/src/node-red"
          },
          "sensitive_attributes": [],
          "private": "eyJzY2hlbWFfdmVyc2lvbiI6IjIifQ==",
          "dependencies": [
            "module.container.docker_volume.container_volume",
            "module.container.random_string.random",
            "module.image.docker_image.container_image"
          ]
        }
      ]
    },
    {
      "module": "module.container[\"nodered\"]",
      "mode": "managed",
      "type": "docker_volume",
      "name": "container_volume",
      "provider": "provider[\"registry.terraform.io/kreuzwerker/docker\"]",
      "instances": [
        {
          "index_key": 0,
          "schema_version": 1,
          "attributes": {
            "driver": "local",
            "driver_opts": null,
            "id": "nodered-pb3z-volume",
            "labels": [],
            "mountpoint": "/var/lib/docker/volumes/nodered-pb3z-volume/_data",
            "name": "nodered-pb3z-volume"
          },
          "sensitive_attributes": [],
          "private": "eyJzY2hlbWFfdmVyc2lvbiI6IjEifQ==",
          "dependencies": [
            "module.container.random_string.random"
          ]
        }
      ]
    },
    {
      "module": "module.container[\"nodered\"]",
      "mode": "managed",
      "type": "random_string",
      "name": "random",
      "provider": "provider[\"registry.terraform.io/hashicorp/random\"]",
      "instances": [
        {
          "index_key": 0,
          "schema_version": 1,
          "attributes": {
            "id": "pb3z",
            "keepers": null,
            "length": 4,
            "lower": true,
            "min_lower": 0,
            "min_numeric": 0,
            "min_special": 0,
            "min_upper": 0,
            "number": true,
            "override_special": null,
            "result": "pb3z",
            "special": false,
            "upper": false
          },
          "sensitive_attributes": [],
          "private": "eyJzY2hlbWFfdmVyc2lvbiI6IjEifQ=="
        }
      ]
    },
    {
      "module": "module.image[\"grafana\"]",
      "mode": "managed",
      "type": "docker_image",
      "name": "container_image",
      "provider": "provider[\"registry.terraform.io/terraform-providers/docker\"]",
      "instances": [
        {
          "schema_version": 0,
          "attributes": {
            "id": "sha256:9b957e098315598ae58c7a62bcc140ed086bbe619b38c31a52b21abbd5eb21e2grafana/grafana",
            "keep_locally": null,
            "latest": "sha256:9b957e098315598ae58c7a62bcc140ed086bbe619b38c31a52b21abbd5eb21e2",
            "name": "grafana/grafana",
            "pull_trigger": null,
            "pull_triggers": null
          },
          "sensitive_attributes": [],
          "private": "bnVsbA=="
        }
      ]
    },
    {
      "module": "module.image[\"influxdb\"]",
      "mode": "managed",
      "type": "docker_image",
      "name": "container_image",
      "provider": "provider[\"registry.terraform.io/terraform-providers/docker\"]",
      "instances": [
        {
          "schema_version": 0,
          "attributes": {
            "id": "sha256:86516adf96b152e8da1b29827a54930cd58667596bd643cd298e55189c3c131equay.io/influxdb/influxdb:v2.0.2",
            "keep_locally": null,
            "latest": "sha256:86516adf96b152e8da1b29827a54930cd58667596bd643cd298e55189c3c131e",
            "name": "quay.io/influxdb/influxdb:v2.0.2",
            "pull_trigger": null,
            "pull_triggers": null
          },
          "sensitive_attributes": [],
          "private": "bnVsbA=="
        }
      ]
    },
    {
      "module": "module.image[\"nodered\"]",
      "mode": "managed",
      "type": "docker_image",
      "name": "container_image",
      "provider": "provider[\"registry.terraform.io/terraform-providers/docker\"]",
      "instances": [
        {
          "schema_version": 0,
          "attributes": {
            "id": "sha256:988958e4cbe731c8f25f62333136e9977a22a85aa8cb2f091238fea93ab2cda3nodered/node-red:latest",
            "keep_locally": null,
            "latest": "sha256:988958e4cbe731c8f25f62333136e9977a22a85aa8cb2f091238fea93ab2cda3",
            "name": "nodered/node-red:latest",
            "pull_trigger": null,
            "pull_triggers": null
          },
          "sensitive_attributes": [],
          "private": "bnVsbA=="
        }
      ]
    }
  ]
}
